// !$*UTF8*$!
{
	archiveVersion = 1;
	classes = {
	};
	objectVersion = 46;
	objects = {

/* Begin PBXBuildFile section */
		62864A861D6387E500D772F8 /* music.mp3 in Resources */ = {isa = PBXBuildFile; fileRef = 62864A851D6387E500D772F8 /* music.mp3 */; };
		62864A881D63B71A00D772F8 /* PokemonDetailVC.swift in Sources */ = {isa = PBXBuildFile; fileRef = 62864A871D63B71A00D772F8 /* PokemonDetailVC.swift */; };
		62864A8A1D6435D500D772F8 /* Constants.swift in Sources */ = {isa = PBXBuildFile; fileRef = 62864A891D6435D500D772F8 /* Constants.swift */; };
		629200511D624BDE00F53841 /* AppDelegate.swift in Sources */ = {isa = PBXBuildFile; fileRef = 629200501D624BDE00F53841 /* AppDelegate.swift */; };
		629200531D624BDE00F53841 /* ViewController.swift in Sources */ = {isa = PBXBuildFile; fileRef = 629200521D624BDE00F53841 /* ViewController.swift */; };
		629200561D624BDE00F53841 /* Main.storyboard in Resources */ = {isa = PBXBuildFile; fileRef = 629200541D624BDE00F53841 /* Main.storyboard */; };
		629200581D624BDE00F53841 /* Assets.xcassets in Resources */ = {isa = PBXBuildFile; fileRef = 629200571D624BDE00F53841 /* Assets.xcassets */; };
		6292005B1D624BDE00F53841 /* LaunchScreen.storyboard in Resources */ = {isa = PBXBuildFile; fileRef = 629200591D624BDE00F53841 /* LaunchScreen.storyboard */; };
		629200631D62503700F53841 /* pokemon.csv in Resources */ = {isa = PBXBuildFile; fileRef = 629200621D62503700F53841 /* pokemon.csv */; };
		629200661D62610800F53841 /* Pokemon.swift in Sources */ = {isa = PBXBuildFile; fileRef = 629200651D62610800F53841 /* Pokemon.swift */; };
		629200691D629E4F00F53841 /* PokeViewCell.swift in Sources */ = {isa = PBXBuildFile; fileRef = 629200681D629E4F00F53841 /* PokeViewCell.swift */; };
		6292006B1D62B5A200F53841 /* csv.swift in Sources */ = {isa = PBXBuildFile; fileRef = 6292006A1D62B5A200F53841 /* csv.swift */; };
		629200711D62DD0C00F53841 /* pokemon.ttf in Resources */ = {isa = PBXBuildFile; fileRef = 629200701D62DD0C00F53841 /* pokemon.ttf */; };
		7025CDE635D883A22E5AB346 /* Pods_Pokedex.framework in Frameworks */ = {isa = PBXBuildFile; fileRef = 81B99CFD04C40FCCEF04E756 /* Pods_Pokedex.framework */; };
/* End PBXBuildFile section */

/* Begin PBXFileReference section */
		3F09F579CC4C53E32EC3354D /* Pods-Pokedex.release.xcconfig */ = {isa = PBXFileReference; includeInIndex = 1; lastKnownFileType = text.xcconfig; name = "Pods-Pokedex.release.xcconfig"; path = "Pods/Target Support Files/Pods-Pokedex/Pods-Pokedex.release.xcconfig"; sourceTree = "<group>"; };
		62864A851D6387E500D772F8 /* music.mp3 */ = {isa = PBXFileReference; lastKnownFileType = audio.mp3; path = music.mp3; sourceTree = "<group>"; };
		62864A871D63B71A00D772F8 /* PokemonDetailVC.swift */ = {isa = PBXFileReference; fileEncoding = 4; lastKnownFileType = sourcecode.swift; path = PokemonDetailVC.swift; sourceTree = "<group>"; };
		62864A891D6435D500D772F8 /* Constants.swift */ = {isa = PBXFileReference; fileEncoding = 4; lastKnownFileType = sourcecode.swift; path = Constants.swift; sourceTree = "<group>"; };
		6292004D1D624BDE00F53841 /* Pokedex.app */ = {isa = PBXFileReference; explicitFileType = wrapper.application; includeInIndex = 0; path = Pokedex.app; sourceTree = BUILT_PRODUCTS_DIR; };
		629200501D624BDE00F53841 /* AppDelegate.swift */ = {isa = PBXFileReference; lastKnownFileType = sourcecode.swift; path = AppDelegate.swift; sourceTree = "<group>"; };
		629200521D624BDE00F53841 /* ViewController.swift */ = {isa = PBXFileReference; lastKnownFileType = sourcecode.swift; path = ViewController.swift; sourceTree = "<group>"; };
		629200551D624BDE00F53841 /* Base */ = {isa = PBXFileReference; lastKnownFileType = file.storyboard; name = Base; path = Base.lproj/Main.storyboard; sourceTree = "<group>"; };
		629200571D624BDE00F53841 /* Assets.xcassets */ = {isa = PBXFileReference; lastKnownFileType = folder.assetcatalog; path = Assets.xcassets; sourceTree = "<group>"; };
		6292005A1D624BDE00F53841 /* Base */ = {isa = PBXFileReference; lastKnownFileType = file.storyboard; name = Base; path = Base.lproj/LaunchScreen.storyboard; sourceTree = "<group>"; };
		6292005C1D624BDE00F53841 /* Info.plist */ = {isa = PBXFileReference; lastKnownFileType = text.plist.xml; path = Info.plist; sourceTree = "<group>"; };
		629200621D62503700F53841 /* pokemon.csv */ = {isa = PBXFileReference; fileEncoding = 4; lastKnownFileType = text; path = pokemon.csv; sourceTree = "<group>"; };
		629200651D62610800F53841 /* Pokemon.swift */ = {isa = PBXFileReference; fileEncoding = 4; lastKnownFileType = sourcecode.swift; path = Pokemon.swift; sourceTree = "<group>"; };
		629200681D629E4F00F53841 /* PokeViewCell.swift */ = {isa = PBXFileReference; fileEncoding = 4; lastKnownFileType = sourcecode.swift; path = PokeViewCell.swift; sourceTree = "<group>"; };
		6292006A1D62B5A200F53841 /* csv.swift */ = {isa = PBXFileReference; fileEncoding = 4; lastKnownFileType = sourcecode.swift; path = csv.swift; sourceTree = "<group>"; };
		629200701D62DD0C00F53841 /* pokemon.ttf */ = {isa = PBXFileReference; lastKnownFileType = file; path = pokemon.ttf; sourceTree = "<group>"; };
		81B99CFD04C40FCCEF04E756 /* Pods_Pokedex.framework */ = {isa = PBXFileReference; explicitFileType = wrapper.framework; includeInIndex = 0; path = Pods_Pokedex.framework; sourceTree = BUILT_PRODUCTS_DIR; };
		99FAFA0F92ACC44C90E73473 /* Pods-Pokedex.debug.xcconfig */ = {isa = PBXFileReference; includeInIndex = 1; lastKnownFileType = text.xcconfig; name = "Pods-Pokedex.debug.xcconfig"; path = "Pods/Target Support Files/Pods-Pokedex/Pods-Pokedex.debug.xcconfig"; sourceTree = "<group>"; };
/* End PBXFileReference section */

/* Begin PBXFrameworksBuildPhase section */
		6292004A1D624BDE00F53841 /* Frameworks */ = {
			isa = PBXFrameworksBuildPhase;
			buildActionMask = 2147483647;
			files = (
				7025CDE635D883A22E5AB346 /* Pods_Pokedex.framework in Frameworks */,
			);
			runOnlyForDeploymentPostprocessing = 0;
		};
/* End PBXFrameworksBuildPhase section */

/* Begin PBXGroup section */
		629200441D624BDE00F53841 = {
			isa = PBXGroup;
			children = (
				6292004F1D624BDE00F53841 /* Pokedex */,
				6292004E1D624BDE00F53841 /* Products */,
				67FB05C29DB94FB6B13BA1BC /* Pods */,
				B3D3F40C3602E700A6E2CC04 /* Frameworks */,
			);
			sourceTree = "<group>";
		};
		6292004E1D624BDE00F53841 /* Products */ = {
			isa = PBXGroup;
			children = (
				6292004D1D624BDE00F53841 /* Pokedex.app */,
			);
			name = Products;
			sourceTree = "<group>";
		};
		6292004F1D624BDE00F53841 /* Pokedex */ = {
			isa = PBXGroup;
			children = (
				629200641D6260EF00F53841 /* Model */,
				629200671D629DCC00F53841 /* View */,
				6292006E1D62B61C00F53841 /* Controller */,
				6292006F1D62B65900F53841 /* Resources */,
				6292006D1D62B5FE00F53841 /* Util */,
				629200501D624BDE00F53841 /* AppDelegate.swift */,
				629200541D624BDE00F53841 /* Main.storyboard */,
				629200571D624BDE00F53841 /* Assets.xcassets */,
				629200591D624BDE00F53841 /* LaunchScreen.storyboard */,
				6292005C1D624BDE00F53841 /* Info.plist */,
			);
			path = Pokedex;
			sourceTree = "<group>";
		};
		629200641D6260EF00F53841 /* Model */ = {
			isa = PBXGroup;
			children = (
				629200651D62610800F53841 /* Pokemon.swift */,
			);
			name = Model;
			sourceTree = "<group>";
		};
		629200671D629DCC00F53841 /* View */ = {
			isa = PBXGroup;
			children = (
				629200681D629E4F00F53841 /* PokeViewCell.swift */,
			);
			name = View;
			sourceTree = "<group>";
		};
		6292006D1D62B5FE00F53841 /* Util */ = {
			isa = PBXGroup;
			children = (
				6292006A1D62B5A200F53841 /* csv.swift */,
				62864A891D6435D500D772F8 /* Constants.swift */,
			);
			name = Util;
			sourceTree = "<group>";
		};
		6292006E1D62B61C00F53841 /* Controller */ = {
			isa = PBXGroup;
			children = (
				629200521D624BDE00F53841 /* ViewController.swift */,
				62864A871D63B71A00D772F8 /* PokemonDetailVC.swift */,
			);
			name = Controller;
			sourceTree = "<group>";
		};
		6292006F1D62B65900F53841 /* Resources */ = {
			isa = PBXGroup;
			children = (
				62864A851D6387E500D772F8 /* music.mp3 */,
				629200701D62DD0C00F53841 /* pokemon.ttf */,
				629200621D62503700F53841 /* pokemon.csv */,
			);
			name = Resources;
			sourceTree = "<group>";
		};
		67FB05C29DB94FB6B13BA1BC /* Pods */ = {
			isa = PBXGroup;
			children = (
				99FAFA0F92ACC44C90E73473 /* Pods-Pokedex.debug.xcconfig */,
				3F09F579CC4C53E32EC3354D /* Pods-Pokedex.release.xcconfig */,
			);
			name = Pods;
			sourceTree = "<group>";
		};
		B3D3F40C3602E700A6E2CC04 /* Frameworks */ = {
			isa = PBXGroup;
			children = (
				81B99CFD04C40FCCEF04E756 /* Pods_Pokedex.framework */,
			);
			name = Frameworks;
			sourceTree = "<group>";
		};
/* End PBXGroup section */

/* Begin PBXNativeTarget section */
		6292004C1D624BDE00F53841 /* Pokedex */ = {
			isa = PBXNativeTarget;
			buildConfigurationList = 6292005F1D624BDE00F53841 /* Build configuration list for PBXNativeTarget "Pokedex" */;
			buildPhases = (
				EC17A0CC951691B64E75EB54 /* [CP] Check Pods Manifest.lock */,
				629200491D624BDE00F53841 /* Sources */,
				6292004A1D624BDE00F53841 /* Frameworks */,
				6292004B1D624BDE00F53841 /* Resources */,
				2128A35E7CAC04268702E541 /* [CP] Embed Pods Frameworks */,
				28995A94966438F70865D18C /* [CP] Copy Pods Resources */,
			);
			buildRules = (
			);
			dependencies = (
			);
			name = Pokedex;
			productName = Pokedex;
			productReference = 6292004D1D624BDE00F53841 /* Pokedex.app */;
			productType = "com.apple.product-type.application";
		};
/* End PBXNativeTarget section */

/* Begin PBXProject section */
		629200451D624BDE00F53841 /* Project object */ = {
			isa = PBXProject;
			attributes = {
				LastSwiftUpdateCheck = 0730;
				LastUpgradeCheck = 0730;
				ORGANIZATIONNAME = "Vandan Patel";
				TargetAttributes = {
					6292004C1D624BDE00F53841 = {
						CreatedOnToolsVersion = 7.3.1;
					};
				};
			};
			buildConfigurationList = 629200481D624BDE00F53841 /* Build configuration list for PBXProject "Pokedex" */;
			compatibilityVersion = "Xcode 3.2";
			developmentRegion = English;
			hasScannedForEncodings = 0;
			knownRegions = (
				en,
				Base,
			);
			mainGroup = 629200441D624BDE00F53841;
			productRefGroup = 6292004E1D624BDE00F53841 /* Products */;
			projectDirPath = "";
			projectRoot = "";
			targets = (
				6292004C1D624BDE00F53841 /* Pokedex */,
			);
		};
/* End PBXProject section */

/* Begin PBXResourcesBuildPhase section */
		6292004B1D624BDE00F53841 /* Resources */ = {
			isa = PBXResourcesBuildPhase;
			buildActionMask = 2147483647;
			files = (
				629200711D62DD0C00F53841 /* pokemon.ttf in Resources */,
				6292005B1D624BDE00F53841 /* LaunchScreen.storyboard in Resources */,
				62864A861D6387E500D772F8 /* music.mp3 in Resources */,
				629200581D624BDE00F53841 /* Assets.xcassets in Resources */,
				629200631D62503700F53841 /* pokemon.csv in Resources */,
				629200561D624BDE00F53841 /* Main.storyboard in Resources */,
			);
			runOnlyForDeploymentPostprocessing = 0;
		};
/* End PBXResourcesBuildPhase section */

/* Begin PBXShellScriptBuildPhase section */
		2128A35E7CAC04268702E541 /* [CP] Embed Pods Frameworks */ = {
			isa = PBXShellScriptBuildPhase;
			buildActionMask = 2147483647;
			files = (
			);
			inputPaths = (
			);
			name = "[CP] Embed Pods Frameworks";
			outputPaths = (
			);
			runOnlyForDeploymentPostprocessing = 0;
			shellPath = /bin/sh;
			shellScript = "\"${SRCROOT}/Pods/Target Support Files/Pods-Pokedex/Pods-Pokedex-frameworks.sh\"\n";
			showEnvVarsInLog = 0;
		};
		28995A94966438F70865D18C /* [CP] Copy Pods Resources */ = {
			isa = PBXShellScriptBuildPhase;
			buildActionMask = 2147483647;
			files = (
			);
			inputPaths = (
			);
			name = "[CP] Copy Pods Resources";
			outputPaths = (
			);
			runOnlyForDeploymentPostprocessing = 0;
			shellPath = /bin/sh;
			shellScript = "\"${SRCROOT}/Pods/Target Support Files/Pods-Pokedex/Pods-Pokedex-resources.sh\"\n";
			showEnvVarsInLog = 0;
		};
		EC17A0CC951691B64E75EB54 /* [CP] Check Pods Manifest.lock */ = {
			isa = PBXShellScriptBuildPhase;
			buildActionMask = 2147483647;
			files = (
			);
			inputPaths = (
			);
			name = "[CP] Check Pods Manifest.lock";
			outputPaths = (
			);
			runOnlyForDeploymentPostprocessing = 0;
			shellPath = /bin/sh;
			shellScript = "diff \"${PODS_ROOT}/../Podfile.lock\" \"${PODS_ROOT}/Manifest.lock\" > /dev/null\nif [[ $? != 0 ]] ; then\n    cat << EOM\nerror: The sandbox is not in sync with the Podfile.lock. Run 'pod install' or update your CocoaPods installation.\nEOM\n    exit 1\nfi\n";
			showEnvVarsInLog = 0;
		};
/* End PBXShellScriptBuildPhase section */

/* Begin PBXSourcesBuildPhase section */
		629200491D624BDE00F53841 /* Sources */ = {
			isa = PBXSourcesBuildPhase;
			buildActionMask = 2147483647;
			files = (
				629200531D624BDE00F53841 /* ViewController.swift in Sources */,
				629200511D624BDE00F53841 /* AppDelegate.swift in Sources */,
				629200661D62610800F53841 /* Pokemon.swift in Sources */,
				62864A881D63B71A00D772F8 /* PokemonDetailVC.swift in Sources */,
				62864A8A1D6435D500D772F8 /* Constants.swift in Sources */,
				629200691D629E4F00F53841 /* PokeViewCell.swift in Sources */,
				6292006B1D62B5A200F53841 /* csv.swift in Sources */,
			);
			runOnlyForDeploymentPostprocessing = 0;
		};
/* End PBXSourcesBuildPhase section */

/* Begin PBXVariantGroup section */
		629200541D624BDE00F53841 /* Main.storyboard */ = {
			isa = PBXVariantGroup;
			children = (
				629200551D624BDE00F53841 /* Base */,
			);
			name = Main.storyboard;
			sourceTree = "<group>";
		};
		629200591D624BDE00F53841 /* LaunchScreen.storyboard */ = {
			isa = PBXVariantGroup;
			children = (
				6292005A1D624BDE00F53841 /* Base */,
			);
			name = LaunchScreen.storyboard;
			sourceTree = "<group>";
		};
/* End PBXVariantGroup section */

/* Begin XCBuildConfiguration section */
		6292005D1D624BDE00F53841 /* Debug */ = {
			isa = XCBuildConfiguration;
			buildSettings = {
				ALWAYS_SEARCH_USER_PATHS = NO;
				CLANG_ANALYZER_NONNULL = YES;
				CLANG_CXX_LANGUAGE_STANDARD = "gnu++0x";
				CLANG_CXX_LIBRARY = "libc++";
				CLANG_ENABLE_MODULES = YES;
				CLANG_ENABLE_OBJC_ARC = YES;
				CLANG_WARN_BOOL_CONVERSION = YES;
				CLANG_WARN_CONSTANT_CONVERSION = YES;
				CLANG_WARN_DIRECT_OBJC_ISA_USAGE = YES_ERROR;
				CLANG_WARN_EMPTY_BODY = YES;
				CLANG_WARN_ENUM_CONVERSION = YES;
				CLANG_WARN_INT_CONVERSION = YES;
				CLANG_WARN_OBJC_ROOT_CLASS = YES_ERROR;
				CLANG_WARN_UNREACHABLE_CODE = YES;
				CLANG_WARN__DUPLICATE_METHOD_MATCH = YES;
				"CODE_SIGN_IDENTITY[sdk=iphoneos*]" = "iPhone Developer";
				COPY_PHASE_STRIP = NO;
				DEBUG_INFORMATION_FORMAT = dwarf;
				ENABLE_STRICT_OBJC_MSGSEND = YES;
				ENABLE_TESTABILITY = YES;
				GCC_C_LANGUAGE_STANDARD = gnu99;
				GCC_DYNAMIC_NO_PIC = NO;
				GCC_NO_COMMON_BLOCKS = YES;
				GCC_OPTIMIZATION_LEVEL = 0;
				GCC_PREPROCESSOR_DEFINITIONS = (
					"DEBUG=1",
					"$(inherited)",
				);
				GCC_WARN_64_TO_32_BIT_CONVERSION = YES;
				GCC_WARN_ABOUT_RETURN_TYPE = YES_ERROR;
				GCC_WARN_UNDECLARED_SELECTOR = YES;
				GCC_WARN_UNINITIALIZED_AUTOS = YES_AGGRESSIVE;
				GCC_WARN_UNUSED_FUNCTION = YES;
				GCC_WARN_UNUSED_VARIABLE = YES;
				IPHONEOS_DEPLOYMENT_TARGET = 9.3;
				MTL_ENABLE_DEBUG_INFO = YES;
				ONLY_ACTIVE_ARCH = YES;
				SDKROOT = iphoneos;
				SWIFT_OPTIMIZATION_LEVEL = "-Onone";
				TARGETED_DEVICE_FAMILY = "1,2";
			};
			name = Debug;
		};
		6292005E1D624BDE00F53841 /* Release */ = {
			isa = XCBuildConfiguration;
			buildSettings = {
				ALWAYS_SEARCH_USER_PATHS = NO;
				CLANG_ANALYZER_NONNULL = YES;
				CLANG_CXX_LANGUAGE_STANDARD = "gnu++0x";
				CLANG_CXX_LIBRARY = "libc++";
				CLANG_ENABLE_MODULES = YES;
				CLANG_ENABLE_OBJC_ARC = YES;
				CLANG_WARN_BOOL_CONVERSION = YES;
				CLANG_WARN_CONSTANT_CONVERSION = YES;
				CLANG_WARN_DIRECT_OBJC_ISA_USAGE = YES_ERROR;
				CLANG_WARN_EMPTY_BODY = YES;
				CLANG_WARN_ENUM_CONVERSION = YES;
				CLANG_WARN_INT_CONVERSION = YES;
				CLANG_WARN_OBJC_ROOT_CLASS = YES_ERROR;
				CLANG_WARN_UNREACHABLE_CODE = YES;
				CLANG_WARN__DUPLICATE_METHOD_MATCH = YES;
				"CODE_SIGN_IDENTITY[sdk=iphoneos*]" = "iPhone Developer";
				COPY_PHASE_STRIP = NO;
				DEBUG_INFORMATION_FORMAT = "dwarf-with-dsym";
				ENABLE_NS_ASSERTIONS = NO;
				ENABLE_STRICT_OBJC_MSGSEND = YES;
				GCC_C_LANGUAGE_STANDARD = gnu99;
				GCC_NO_COMMON_BLOCKS = YES;
				GCC_WARN_64_TO_32_BIT_CONVERSION = YES;
				GCC_WARN_ABOUT_RETURN_TYPE = YES_ERROR;
				GCC_WARN_UNDECLARED_SELECTOR = YES;
				GCC_WARN_UNINITIALIZED_AUTOS = YES_AGGRESSIVE;
				GCC_WARN_UNUSED_FUNCTION = YES;
				GCC_WARN_UNUSED_VARIABLE = YES;
				IPHONEOS_DEPLOYMENT_TARGET = 9.3;
				MTL_ENABLE_DEBUG_INFO = NO;
				SDKROOT = iphoneos;
				TARGETED_DEVICE_FAMILY = "1,2";
				VALIDATE_PRODUCT = YES;
			};
			name = Release;
		};
		629200601D624BDE00F53841 /* Debug */ = {
			isa = XCBuildConfiguration;
			baseConfigurationReference = 99FAFA0F92ACC44C90E73473 /* Pods-Pokedex.debug.xcconfig */;
			buildSettings = {
				ASSETCATALOG_COMPILER_APPICON_NAME = AppIcon;
				CODE_SIGN_IDENTITY = "iPhone Developer";
				"CODE_SIGN_IDENTITY[sdk=iphoneos*]" = "iPhone Developer";
				INFOPLIST_FILE = Pokedex/Info.plist;
				LD_RUNPATH_SEARCH_PATHS = "$(inherited) @executable_path/Frameworks";
				PRODUCT_BUNDLE_IDENTIFIER = com.vandanpatel.Pokedex;
				PRODUCT_NAME = "$(TARGET_NAME)";
				PROVISIONING_PROFILE = "";
			};
			name = Debug;
		};
		629200611D624BDE00F53841 /* Release */ = {
			isa = XCBuildConfiguration;
			baseConfigurationReference = 3F09F579CC4C53E32EC3354D /* Pods-Pokedex.release.xcconfig */;
			buildSettings = {
				ASSETCATALOG_COMPILER_APPICON_NAME = AppIcon;
				CODE_SIGN_IDENTITY = "iPhone Developer";
				"CODE_SIGN_IDENTITY[sdk=iphoneos*]" = "iPhone Developer";
				INFOPLIST_FILE = Pokedex/Info.plist;
				LD_RUNPATH_SEARCH_PATHS = "$(inherited) @executable_path/Frameworks";
				PRODUCT_BUNDLE_IDENTIFIER = com.vandanpatel.Pokedex;
				PRODUCT_NAME = "$(TARGET_NAME)";
				PROVISIONING_PROFILE = "";
			};
			name = Release;
		};
/* End XCBuildConfiguration section */

/* Begin XCConfigurationList section */
		629200481D624BDE00F53841 /* Build configuration list for PBXProject "Pokedex" */ = {
			isa = XCConfigurationList;
			buildConfigurations = (
				6292005D1D624BDE00F53841 /* Debug */,
				6292005E1D624BDE00F53841 /* Release */,
			);
			defaultConfigurationIsVisible = 0;
			defaultConfigurationName = Release;
		};
		6292005F1D624BDE00F53841 /* Build configuration list for PBXNativeTarget "Pokedex" */ = {
			isa = XCConfigurationList;
			buildConfigurations = (
				629200601D624BDE00F53841 /* Debug */,
				629200611D624BDE00F53841 /* Release */,
			);
			defaultConfigurationIsVisible = 0;
			defaultConfigurationName = Release;
		};
/* End XCConfigurationList section */
	};
	rootObject = 629200451D624BDE00F53841 /* Project object */;
}
